// !$*UTF8*$!
{
	archiveVersion = 1;
	classes = {
	};
	objectVersion = 46;
	objects = {

/* Begin PBXBuildFile section */
		B262DFE91EC461020002044E /* AppDelegate.swift in Sources */ = {isa = PBXBuildFile; fileRef = B262DFE81EC461020002044E /* AppDelegate.swift */; };
		B262DFEE1EC461020002044E /* Main.storyboard in Resources */ = {isa = PBXBuildFile; fileRef = B262DFEC1EC461020002044E /* Main.storyboard */; };
		B262DFF01EC461020002044E /* Assets.xcassets in Resources */ = {isa = PBXBuildFile; fileRef = B262DFEF1EC461020002044E /* Assets.xcassets */; };
		B262DFF31EC461020002044E /* LaunchScreen.storyboard in Resources */ = {isa = PBXBuildFile; fileRef = B262DFF11EC461020002044E /* LaunchScreen.storyboard */; };
		B262E0031EC4625D0002044E /* LoginButtonPresentable.swift in Sources */ = {isa = PBXBuildFile; fileRef = B262E0021EC4625D0002044E /* LoginButtonPresentable.swift */; };
		B262E0051EC4626C0002044E /* LoginTextFieldPresentable.swift in Sources */ = {isa = PBXBuildFile; fileRef = B262E0041EC4626C0002044E /* LoginTextFieldPresentable.swift */; };
		B262E0071EC462810002044E /* LoginPasswordPresentable.swift in Sources */ = {isa = PBXBuildFile; fileRef = B262E0061EC462810002044E /* LoginPasswordPresentable.swift */; };
		B262E0091EC464AC0002044E /* LoginFormView.swift in Sources */ = {isa = PBXBuildFile; fileRef = B262E0081EC464AC0002044E /* LoginFormView.swift */; };
		B262E00B1EC46BAB0002044E /* TextFieldExtension.swift in Sources */ = {isa = PBXBuildFile; fileRef = B262E00A1EC46BAB0002044E /* TextFieldExtension.swift */; };
		B262E00D1EC46E240002044E /* LoginFormViewExtension.swift in Sources */ = {isa = PBXBuildFile; fileRef = B262E00C1EC46E240002044E /* LoginFormViewExtension.swift */; };
		B262E00F1EC470800002044E /* LoginFormViewModel.swift in Sources */ = {isa = PBXBuildFile; fileRef = B262E00E1EC470800002044E /* LoginFormViewModel.swift */; };
		B262E0111EC4719D0002044E /* LoginFormViewModelExtension.swift in Sources */ = {isa = PBXBuildFile; fileRef = B262E0101EC4719D0002044E /* LoginFormViewModelExtension.swift */; };
		B262E0131EC472580002044E /* LoginViewController.swift in Sources */ = {isa = PBXBuildFile; fileRef = B262E0121EC472580002044E /* LoginViewController.swift */; };
		B262EC291EC5715B0062E66D /* User.swift in Sources */ = {isa = PBXBuildFile; fileRef = B262EC281EC5715B0062E66D /* User.swift */; };
/* End PBXBuildFile section */

/* Begin PBXFileReference section */
		B262DFE51EC461020002044E /* LoginMVVM.app */ = {isa = PBXFileReference; explicitFileType = wrapper.application; includeInIndex = 0; path = LoginMVVM.app; sourceTree = BUILT_PRODUCTS_DIR; };
		B262DFE81EC461020002044E /* AppDelegate.swift */ = {isa = PBXFileReference; lastKnownFileType = sourcecode.swift; path = AppDelegate.swift; sourceTree = "<group>"; };
		B262DFED1EC461020002044E /* Base */ = {isa = PBXFileReference; lastKnownFileType = file.storyboard; name = Base; path = Base.lproj/Main.storyboard; sourceTree = "<group>"; };
		B262DFEF1EC461020002044E /* Assets.xcassets */ = {isa = PBXFileReference; lastKnownFileType = folder.assetcatalog; path = Assets.xcassets; sourceTree = "<group>"; };
		B262DFF21EC461020002044E /* Base */ = {isa = PBXFileReference; lastKnownFileType = file.storyboard; name = Base; path = Base.lproj/LaunchScreen.storyboard; sourceTree = "<group>"; };
		B262DFF41EC461020002044E /* Info.plist */ = {isa = PBXFileReference; lastKnownFileType = text.plist.xml; path = Info.plist; sourceTree = "<group>"; };
		B262E0021EC4625D0002044E /* LoginButtonPresentable.swift */ = {isa = PBXFileReference; fileEncoding = 4; lastKnownFileType = sourcecode.swift; path = LoginButtonPresentable.swift; sourceTree = "<group>"; };
		B262E0041EC4626C0002044E /* LoginTextFieldPresentable.swift */ = {isa = PBXFileReference; fileEncoding = 4; lastKnownFileType = sourcecode.swift; path = LoginTextFieldPresentable.swift; sourceTree = "<group>"; };
		B262E0061EC462810002044E /* LoginPasswordPresentable.swift */ = {isa = PBXFileReference; fileEncoding = 4; lastKnownFileType = sourcecode.swift; path = LoginPasswordPresentable.swift; sourceTree = "<group>"; };
		B262E0081EC464AC0002044E /* LoginFormView.swift */ = {isa = PBXFileReference; fileEncoding = 4; lastKnownFileType = sourcecode.swift; path = LoginFormView.swift; sourceTree = "<group>"; };
		B262E00A1EC46BAB0002044E /* TextFieldExtension.swift */ = {isa = PBXFileReference; fileEncoding = 4; lastKnownFileType = sourcecode.swift; path = TextFieldExtension.swift; sourceTree = "<group>"; };
		B262E00C1EC46E240002044E /* LoginFormViewExtension.swift */ = {isa = PBXFileReference; fileEncoding = 4; lastKnownFileType = sourcecode.swift; path = LoginFormViewExtension.swift; sourceTree = "<group>"; };
		B262E00E1EC470800002044E /* LoginFormViewModel.swift */ = {isa = PBXFileReference; fileEncoding = 4; lastKnownFileType = sourcecode.swift; path = LoginFormViewModel.swift; sourceTree = "<group>"; };
		B262E0101EC4719D0002044E /* LoginFormViewModelExtension.swift */ = {isa = PBXFileReference; fileEncoding = 4; lastKnownFileType = sourcecode.swift; path = LoginFormViewModelExtension.swift; sourceTree = "<group>"; };
		B262E0121EC472580002044E /* LoginViewController.swift */ = {isa = PBXFileReference; fileEncoding = 4; lastKnownFileType = sourcecode.swift; path = LoginViewController.swift; sourceTree = "<group>"; };
		B262EC281EC5715B0062E66D /* User.swift */ = {isa = PBXFileReference; fileEncoding = 4; lastKnownFileType = sourcecode.swift; path = User.swift; sourceTree = "<group>"; };
/* End PBXFileReference section */

/* Begin PBXFrameworksBuildPhase section */
		B262DFE21EC461020002044E /* Frameworks */ = {
			isa = PBXFrameworksBuildPhase;
			buildActionMask = 2147483647;
			files = (
			);
			runOnlyForDeploymentPostprocessing = 0;
		};
/* End PBXFrameworksBuildPhase section */

/* Begin PBXGroup section */
		B262DFDC1EC461020002044E = {
			isa = PBXGroup;
			children = (
				B262DFE71EC461020002044E /* LoginMVVM */,
				B262DFE61EC461020002044E /* Products */,
			);
			sourceTree = "<group>";
		};
		B262DFE61EC461020002044E /* Products */ = {
			isa = PBXGroup;
			children = (
				B262DFE51EC461020002044E /* LoginMVVM.app */,
			);
			name = Products;
			sourceTree = "<group>";
		};
		B262DFE71EC461020002044E /* LoginMVVM */ = {
			isa = PBXGroup;
			children = (
				B262DFFA1EC4611C0002044E /* Extensions */,
				B262DFFB1EC461230002044E /* Controllers */,
				B262DFFC1EC4612F0002044E /* Models */,
				B262DFFD1EC461400002044E /* ViewModels */,
				B262DFFE1EC4614C0002044E /* Presenters */,
				B262DFFF1EC461550002044E /* Views */,
				B262DFE81EC461020002044E /* AppDelegate.swift */,
				B262DFEC1EC461020002044E /* Main.storyboard */,
				B262DFEF1EC461020002044E /* Assets.xcassets */,
				B262DFF11EC461020002044E /* LaunchScreen.storyboard */,
				B262DFF41EC461020002044E /* Info.plist */,
			);
			path = LoginMVVM;
			sourceTree = "<group>";
		};
		B262DFFA1EC4611C0002044E /* Extensions */ = {
			isa = PBXGroup;
			children = (
				B262E00A1EC46BAB0002044E /* TextFieldExtension.swift */,
				B262E00C1EC46E240002044E /* LoginFormViewExtension.swift */,
				B262E0101EC4719D0002044E /* LoginFormViewModelExtension.swift */,
			);
			name = Extensions;
			sourceTree = "<group>";
		};
		B262DFFB1EC461230002044E /* Controllers */ = {
			isa = PBXGroup;
			children = (
				B262E0121EC472580002044E /* LoginViewController.swift */,
			);
			name = Controllers;
			sourceTree = "<group>";
		};
		B262DFFC1EC4612F0002044E /* Models */ = {
			isa = PBXGroup;
			children = (
				B262EC281EC5715B0062E66D /* User.swift */,
			);
			name = Models;
			sourceTree = "<group>";
		};
		B262DFFD1EC461400002044E /* ViewModels */ = {
			isa = PBXGroup;
			children = (
				B262E00E1EC470800002044E /* LoginFormViewModel.swift */,
			);
			name = ViewModels;
			sourceTree = "<group>";
		};
		B262DFFE1EC4614C0002044E /* Presenters */ = {
			isa = PBXGroup;
			children = (
				B262E0011EC462410002044E /* Login */,
			);
			name = Presenters;
			sourceTree = "<group>";
		};
		B262DFFF1EC461550002044E /* Views */ = {
			isa = PBXGroup;
			children = (
				B262E0081EC464AC0002044E /* LoginFormView.swift */,
			);
			name = Views;
			sourceTree = "<group>";
		};
		B262E0011EC462410002044E /* Login */ = {
			isa = PBXGroup;
			children = (
				B262E0021EC4625D0002044E /* LoginButtonPresentable.swift */,
				B262E0041EC4626C0002044E /* LoginTextFieldPresentable.swift */,
				B262E0061EC462810002044E /* LoginPasswordPresentable.swift */,
			);
			name = Login;
			sourceTree = "<group>";
		};
/* End PBXGroup section */

/* Begin PBXNativeTarget section */
		B262DFE41EC461020002044E /* LoginMVVM */ = {
			isa = PBXNativeTarget;
			buildConfigurationList = B262DFF71EC461020002044E /* Build configuration list for PBXNativeTarget "LoginMVVM" */;
			buildPhases = (
				B262DFE11EC461020002044E /* Sources */,
				B262DFE21EC461020002044E /* Frameworks */,
				B262DFE31EC461020002044E /* Resources */,
			);
			buildRules = (
			);
			dependencies = (
			);
			name = LoginMVVM;
			productName = LoginMVVM;
			productReference = B262DFE51EC461020002044E /* LoginMVVM.app */;
			productType = "com.apple.product-type.application";
		};
/* End PBXNativeTarget section */

/* Begin PBXProject section */
		B262DFDD1EC461020002044E /* Project object */ = {
			isa = PBXProject;
			attributes = {
				LastSwiftUpdateCheck = 0830;
				LastUpgradeCheck = 0830;
				ORGANIZATIONNAME = "Unlocked Inc.";
				TargetAttributes = {
					B262DFE41EC461020002044E = {
						CreatedOnToolsVersion = 8.3;
						ProvisioningStyle = Automatic;
					};
				};
			};
			buildConfigurationList = B262DFE01EC461020002044E /* Build configuration list for PBXProject "LoginMVVM" */;
			compatibilityVersion = "Xcode 3.2";
			developmentRegion = English;
			hasScannedForEncodings = 0;
			knownRegions = (
				en,
				Base,
			);
			mainGroup = B262DFDC1EC461020002044E;
			productRefGroup = B262DFE61EC461020002044E /* Products */;
			projectDirPath = "";
			projectRoot = "";
			targets = (
				B262DFE41EC461020002044E /* LoginMVVM */,
			);
		};
/* End PBXProject section */

/* Begin PBXResourcesBuildPhase section */
		B262DFE31EC461020002044E /* Resources */ = {
			isa = PBXResourcesBuildPhase;
			buildActionMask = 2147483647;
			files = (
				B262DFF31EC461020002044E /* LaunchScreen.storyboard in Resources */,
				B262DFF01EC461020002044E /* Assets.xcassets in Resources */,
				B262DFEE1EC461020002044E /* Main.storyboard in Resources */,
			);
			runOnlyForDeploymentPostprocessing = 0;
		};
/* End PBXResourcesBuildPhase section */

/* Begin PBXSourcesBuildPhase section */
		B262DFE11EC461020002044E /* Sources */ = {
			isa = PBXSourcesBuildPhase;
			buildActionMask = 2147483647;
			files = (
				B262E0051EC4626C0002044E /* LoginTextFieldPresentable.swift in Sources */,
				B262E0091EC464AC0002044E /* LoginFormView.swift in Sources */,
				B262E00B1EC46BAB0002044E /* TextFieldExtension.swift in Sources */,
				B262E00F1EC470800002044E /* LoginFormViewModel.swift in Sources */,
				B262E00D1EC46E240002044E /* LoginFormViewExtension.swift in Sources */,
				B262E0111EC4719D0002044E /* LoginFormViewModelExtension.swift in Sources */,
				B262E0031EC4625D0002044E /* LoginButtonPresentable.swift in Sources */,
				B262DFE91EC461020002044E /* AppDelegate.swift in Sources */,
				B262E0071EC462810002044E /* LoginPasswordPresentable.swift in Sources */,
				B262E0131EC472580002044E /* LoginViewController.swift in Sources */,
				B262EC291EC5715B0062E66D /* User.swift in Sources */,
			);
			runOnlyForDeploymentPostprocessing = 0;
		};
/* End PBXSourcesBuildPhase section */

/* Begin PBXVariantGroup section */
		B262DFEC1EC461020002044E /* Main.storyboard */ = {
			isa = PBXVariantGroup;
			children = (
				B262DFED1EC461020002044E /* Base */,
			);
			name = Main.storyboard;
			sourceTree = "<group>";
		};
		B262DFF11EC461020002044E /* LaunchScreen.storyboard */ = {
			isa = PBXVariantGroup;
			children = (
				B262DFF21EC461020002044E /* Base */,
			);
			name = LaunchScreen.storyboard;
			sourceTree = "<group>";
		};
/* End PBXVariantGroup section */

/* Begin XCBuildConfiguration section */
		B262DFF51EC461020002044E /* Debug */ = {
			isa = XCBuildConfiguration;
			buildSettings = {
				ALWAYS_SEARCH_USER_PATHS = NO;
				CLANG_ANALYZER_NONNULL = YES;
				CLANG_ANALYZER_NUMBER_OBJECT_CONVERSION = YES_AGGRESSIVE;
				CLANG_CXX_LANGUAGE_STANDARD = "gnu++0x";
				CLANG_CXX_LIBRARY = "libc++";
				CLANG_ENABLE_MODULES = YES;
				CLANG_ENABLE_OBJC_ARC = YES;
				CLANG_WARN_BOOL_CONVERSION = YES;
				CLANG_WARN_CONSTANT_CONVERSION = YES;
				CLANG_WARN_DIRECT_OBJC_ISA_USAGE = YES_ERROR;
				CLANG_WARN_DOCUMENTATION_COMMENTS = YES;
				CLANG_WARN_EMPTY_BODY = YES;
				CLANG_WARN_ENUM_CONVERSION = YES;
				CLANG_WARN_INFINITE_RECURSION = YES;
				CLANG_WARN_INT_CONVERSION = YES;
				CLANG_WARN_OBJC_ROOT_CLASS = YES_ERROR;
				CLANG_WARN_SUSPICIOUS_MOVE = YES;
				CLANG_WARN_UNREACHABLE_CODE = YES;
				CLANG_WARN__DUPLICATE_METHOD_MATCH = YES;
				"CODE_SIGN_IDENTITY[sdk=iphoneos*]" = "iPhone Developer";
				COPY_PHASE_STRIP = NO;
				DEBUG_INFORMATION_FORMAT = dwarf;
				ENABLE_STRICT_OBJC_MSGSEND = YES;
				ENABLE_TESTABILITY = YES;
				GCC_C_LANGUAGE_STANDARD = gnu99;
				GCC_DYNAMIC_NO_PIC = NO;
				GCC_NO_COMMON_BLOCKS = YES;
				GCC_OPTIMIZATION_LEVEL = 0;
				GCC_PREPROCESSOR_DEFINITIONS = (
					"DEBUG=1",
					"$(inherited)",
				);
				GCC_WARN_64_TO_32_BIT_CONVERSION = YES;
				GCC_WARN_ABOUT_RETURN_TYPE = YES_ERROR;
				GCC_WARN_UNDECLARED_SELECTOR = YES;
				GCC_WARN_UNINITIALIZED_AUTOS = YES_AGGRESSIVE;
				GCC_WARN_UNUSED_FUNCTION = YES;
				GCC_WARN_UNUSED_VARIABLE = YES;
				IPHONEOS_DEPLOYMENT_TARGET = 10.3;
				MTL_ENABLE_DEBUG_INFO = YES;
				ONLY_ACTIVE_ARCH = YES;
				SDKROOT = iphoneos;
				SWIFT_ACTIVE_COMPILATION_CONDITIONS = DEBUG;
				SWIFT_OPTIMIZATION_LEVEL = "-Onone";
			};
			name = Debug;
		};
		B262DFF61EC461020002044E /* Release */ = {
			isa = XCBuildConfiguration;
			buildSettings = {
				ALWAYS_SEARCH_USER_PATHS = NO;
				CLANG_ANALYZER_NONNULL = YES;
				CLANG_ANALYZER_NUMBER_OBJECT_CONVERSION = YES_AGGRESSIVE;
				CLANG_CXX_LANGUAGE_STANDARD = "gnu++0x";
				CLANG_CXX_LIBRARY = "libc++";
				CLANG_ENABLE_MODULES = YES;
				CLANG_ENABLE_OBJC_ARC = YES;
				CLANG_WARN_BOOL_CONVERSION = YES;
				CLANG_WARN_CONSTANT_CONVERSION = YES;
				CLANG_WARN_DIRECT_OBJC_ISA_USAGE = YES_ERROR;
				CLANG_WARN_DOCUMENTATION_COMMENTS = YES;
				CLANG_WARN_EMPTY_BODY = YES;
				CLANG_WARN_ENUM_CONVERSION = YES;
				CLANG_WARN_INFINITE_RECURSION = YES;
				CLANG_WARN_INT_CONVERSION = YES;
				CLANG_WARN_OBJC_ROOT_CLASS = YES_ERROR;
				CLANG_WARN_SUSPICIOUS_MOVE = YES;
				CLANG_WARN_UNREACHABLE_CODE = YES;
				CLANG_WARN__DUPLICATE_METHOD_MATCH = YES;
				"CODE_SIGN_IDENTITY[sdk=iphoneos*]" = "iPhone Developer";
				COPY_PHASE_STRIP = NO;
				DEBUG_INFORMATION_FORMAT = "dwarf-with-dsym";
				ENABLE_NS_ASSERTIONS = NO;
				ENABLE_STRICT_OBJC_MSGSEND = YES;
				GCC_C_LANGUAGE_STANDARD = gnu99;
				GCC_NO_COMMON_BLOCKS = YES;
				GCC_WARN_64_TO_32_BIT_CONVERSION = YES;
				GCC_WARN_ABOUT_RETURN_TYPE = YES_ERROR;
				GCC_WARN_UNDECLARED_SELECTOR = YES;
				GCC_WARN_UNINITIALIZED_AUTOS = YES_AGGRESSIVE;
				GCC_WARN_UNUSED_FUNCTION = YES;
				GCC_WARN_UNUSED_VARIABLE = YES;
				IPHONEOS_DEPLOYMENT_TARGET = 10.3;
				MTL_ENABLE_DEBUG_INFO = NO;
				SDKROOT = iphoneos;
				SWIFT_OPTIMIZATION_LEVEL = "-Owholemodule";
				VALIDATE_PRODUCT = YES;
			};
			name = Release;
		};
		B262DFF81EC461020002044E /* Debug */ = {
			isa = XCBuildConfiguration;
			buildSettings = {
				ASSETCATALOG_COMPILER_APPICON_NAME = AppIcon;
				INFOPLIST_FILE = LoginMVVM/Info.plist;
				LD_RUNPATH_SEARCH_PATHS = "$(inherited) @executable_path/Frameworks";
				PRODUCT_BUNDLE_IDENTIFIER = vn.unlocked.LoginMVVM;
				PRODUCT_NAME = "$(TARGET_NAME)";
				SWIFT_VERSION = 3.0;
			};
			name = Debug;
		};
		B262DFF91EC461020002044E /* Release */ = {
			isa = XCBuildConfiguration;
			buildSettings = {
				ASSETCATALOG_COMPILER_APPICON_NAME = AppIcon;
				INFOPLIST_FILE = LoginMVVM/Info.plist;
				LD_RUNPATH_SEARCH_PATHS = "$(inherited) @executable_path/Frameworks";
				PRODUCT_BUNDLE_IDENTIFIER = vn.unlocked.LoginMVVM;
				PRODUCT_NAME = "$(TARGET_NAME)";
				SWIFT_VERSION = 3.0;
			};
			name = Release;
		};
/* End XCBuildConfiguration section */

/* Begin XCConfigurationList section */
		B262DFE01EC461020002044E /* Build configuration list for PBXProject "LoginMVVM" */ = {
			isa = XCConfigurationList;
			buildConfigurations = (
				B262DFF51EC461020002044E /* Debug */,
				B262DFF61EC461020002044E /* Release */,
			);
			defaultConfigurationIsVisible = 0;
			defaultConfigurationName = Release;
		};
		B262DFF71EC461020002044E /* Build configuration list for PBXNativeTarget "LoginMVVM" */ = {
			isa = XCConfigurationList;
			buildConfigurations = (
				B262DFF81EC461020002044E /* Debug */,
				B262DFF91EC461020002044E /* Release */,
			);
			defaultConfigurationIsVisible = 0;
			defaultConfigurationName = Release;
		};
/* End XCConfigurationList section */
	};
	rootObject = B262DFDD1EC461020002044E /* Project object */;
}
